
Microsoft Visual Studio Solution File, Format Version 12.00
# Visual Studio 15
VisualStudioVersion = 15.0.28307.329
MinimumVisualStudioVersion = 10.0.40219.1
Project("{FAE04EC0-301F-11D3-BF4B-00C04F79EFBC}") = "SuCe.Android", "SuCe\SuCe.Android\SuCe.Android.csproj", "{24CE3C36-16B9-426D-AA0C-5961ECF8D88C}"
EndProject
Project("{FAE04EC0-301F-11D3-BF4B-00C04F79EFBC}") = "SuCe.iOS", "SuCe\SuCe.iOS\SuCe.iOS.csproj", "{395EDE47-B649-4EB2-A40A-970E9DCCE15C}"
EndProject
Project("{FAE04EC0-301F-11D3-BF4B-00C04F79EFBC}") = "SuCe.MobileAppService", "SuCe\SuCe.MobileAppService\SuCe.MobileAppService.csproj", "{EDF31015-9FD6-4480-BFF7-393BB277399C}"
EndProject
Project("{FAE04EC0-301F-11D3-BF4B-00C04F79EFBC}") = "SuCe", "SuCe\SuCe\SuCe.csproj", "{4B829F31-F0CD-4CC2-B250-546FAE1AFCC6}"
EndProject
Global
	GlobalSection(SolutionConfigurationPlatforms) = preSolution
		Debug|Any CPU = Debug|Any CPU
		Debug|iPhone = Debug|iPhone
		Debug|iPhoneSimulator = Debug|iPhoneSimulator
		Release|Any CPU = Release|Any CPU
		Release|iPhone = Release|iPhone
		Release|iPhoneSimulator = Release|iPhoneSimulator
	EndGlobalSection
	GlobalSection(ProjectConfigurationPlatforms) = postSolution
		{24CE3C36-16B9-426D-AA0C-5961ECF8D88C}.Debug|Any CPU.ActiveCfg = Debug|Any CPU
		{24CE3C36-16B9-426D-AA0C-5961ECF8D88C}.Debug|Any CPU.Build.0 = Debug|Any CPU
		{24CE3C36-16B9-426D-AA0C-5961ECF8D88C}.Debug|Any CPU.Deploy.0 = Debug|Any CPU
		{24CE3C36-16B9-426D-AA0C-5961ECF8D88C}.Debug|iPhone.ActiveCfg = Debug|Any CPU
		{24CE3C36-16B9-426D-AA0C-5961ECF8D88C}.Debug|iPhone.Build.0 = Debug|Any CPU
		{24CE3C36-16B9-426D-AA0C-5961ECF8D88C}.Debug|iPhone.Deploy.0 = Debug|Any CPU
		{24CE3C36-16B9-426D-AA0C-5961ECF8D88C}.Debug|iPhoneSimulator.ActiveCfg = Debug|Any CPU
		{24CE3C36-16B9-426D-AA0C-5961ECF8D88C}.Debug|iPhoneSimulator.Build.0 = Debug|Any CPU
		{24CE3C36-16B9-426D-AA0C-5961ECF8D88C}.Debug|iPhoneSimulator.Deploy.0 = Debug|Any CPU
		{24CE3C36-16B9-426D-AA0C-5961ECF8D88C}.Release|Any CPU.ActiveCfg = Release|Any CPU
		{24CE3C36-16B9-426D-AA0C-5961ECF8D88C}.Release|Any CPU.Build.0 = Release|Any CPU
		{24CE3C36-16B9-426D-AA0C-5961ECF8D88C}.Release|Any CPU.Deploy.0 = Release|Any CPU
		{24CE3C36-16B9-426D-AA0C-5961ECF8D88C}.Release|iPhone.ActiveCfg = Release|Any CPU
		{24CE3C36-16B9-426D-AA0C-5961ECF8D88C}.Release|iPhone.Build.0 = Release|Any CPU
		{24CE3C36-16B9-426D-AA0C-5961ECF8D88C}.Release|iPhone.Deploy.0 = Release|Any CPU
		{24CE3C36-16B9-426D-AA0C-5961ECF8D88C}.Release|iPhoneSimulator.ActiveCfg = Release|Any CPU
		{24CE3C36-16B9-426D-AA0C-5961ECF8D88C}.Release|iPhoneSimulator.Build.0 = Release|Any CPU
		{24CE3C36-16B9-426D-AA0C-5961ECF8D88C}.Release|iPhoneSimulator.Deploy.0 = Release|Any CPU
		{395EDE47-B649-4EB2-A40A-970E9DCCE15C}.Debug|Any CPU.ActiveCfg = Debug|iPhoneSimulator
		{395EDE47-B649-4EB2-A40A-970E9DCCE15C}.Debug|Any CPU.Build.0 = Debug|iPhoneSimulator
		{395EDE47-B649-4EB2-A40A-970E9DCCE15C}.Debug|Any CPU.Deploy.0 = Debug|iPhoneSimulator
		{395EDE47-B649-4EB2-A40A-970E9DCCE15C}.Debug|iPhone.ActiveCfg = Debug|iPhone
		{395EDE47-B649-4EB2-A40A-970E9DCCE15C}.Debug|iPhone.Build.0 = Debug|iPhone
		{395EDE47-B649-4EB2-A40A-970E9DCCE15C}.Debug|iPhone.Deploy.0 = Debug|iPhone
		{395EDE47-B649-4EB2-A40A-970E9DCCE15C}.Debug|iPhoneSimulator.ActiveCfg = Debug|iPhoneSimulator
		{395EDE47-B649-4EB2-A40A-970E9DCCE15C}.Debug|iPhoneSimulator.Build.0 = Debug|iPhoneSimulator
		{395EDE47-B649-4EB2-A40A-970E9DCCE15C}.Debug|iPhoneSimulator.Deploy.0 = Debug|iPhoneSimulator
		{395EDE47-B649-4EB2-A40A-970E9DCCE15C}.Release|Any CPU.ActiveCfg = Release|iPhone
		{395EDE47-B649-4EB2-A40A-970E9DCCE15C}.Release|Any CPU.Build.0 = Release|iPhone
		{395EDE47-B649-4EB2-A40A-970E9DCCE15C}.Release|Any CPU.Deploy.0 = Release|iPhone
		{395EDE47-B649-4EB2-A40A-970E9DCCE15C}.Release|iPhone.ActiveCfg = Release|iPhone
		{395EDE47-B649-4EB2-A40A-970E9DCCE15C}.Release|iPhone.Build.0 = Release|iPhone
		{395EDE47-B649-4EB2-A40A-970E9DCCE15C}.Release|iPhone.Deploy.0 = Release|iPhone
		{395EDE47-B649-4EB2-A40A-970E9DCCE15C}.Release|iPhoneSimulator.ActiveCfg = Release|iPhoneSimulator
		{395EDE47-B649-4EB2-A40A-970E9DCCE15C}.Release|iPhoneSimulator.Build.0 = Release|iPhoneSimulator
		{395EDE47-B649-4EB2-A40A-970E9DCCE15C}.Release|iPhoneSimulator.Deploy.0 = Release|iPhoneSimulator
		{EDF31015-9FD6-4480-BFF7-393BB277399C}.Debug|Any CPU.ActiveCfg = Debug|Any CPU
		{EDF31015-9FD6-4480-BFF7-393BB277399C}.Debug|Any CPU.Build.0 = Debug|Any CPU
		{EDF31015-9FD6-4480-BFF7-393BB277399C}.Debug|Any CPU.Deploy.0 = Debug|Any CPU
		{EDF31015-9FD6-4480-BFF7-393BB277399C}.Debug|iPhone.ActiveCfg = Debug|Any CPU
		{EDF31015-9FD6-4480-BFF7-393BB277399C}.Debug|iPhone.Build.0 = Debug|Any CPU
		{EDF31015-9FD6-4480-BFF7-393BB277399C}.Debug|iPhone.Deploy.0 = Debug|Any CPU
		{EDF31015-9FD6-4480-BFF7-393BB277399C}.Debug|iPhoneSimulator.ActiveCfg = Debug|Any CPU
		{EDF31015-9FD6-4480-BFF7-393BB277399C}.Debug|iPhoneSimulator.Build.0 = Debug|Any CPU
		{EDF31015-9FD6-4480-BFF7-393BB277399C}.Debug|iPhoneSimulator.Deploy.0 = Debug|Any CPU
		{EDF31015-9FD6-4480-BFF7-393BB277399C}.Release|Any CPU.ActiveCfg = Release|Any CPU
		{EDF31015-9FD6-4480-BFF7-393BB277399C}.Release|Any CPU.Build.0 = Release|Any CPU
		{EDF31015-9FD6-4480-BFF7-393BB277399C}.Release|Any CPU.Deploy.0 = Release|Any CPU
		{EDF31015-9FD6-4480-BFF7-393BB277399C}.Release|iPhone.ActiveCfg = Release|Any CPU
		{EDF31015-9FD6-4480-BFF7-393BB277399C}.Release|iPhone.Build.0 = Release|Any CPU
		{EDF31015-9FD6-4480-BFF7-393BB277399C}.Release|iPhone.Deploy.0 = Release|Any CPU
		{EDF31015-9FD6-4480-BFF7-393BB277399C}.Release|iPhoneSimulator.ActiveCfg = Release|Any CPU
		{EDF31015-9FD6-4480-BFF7-393BB277399C}.Release|iPhoneSimulator.Build.0 = Release|Any CPU
		{EDF31015-9FD6-4480-BFF7-393BB277399C}.Release|iPhoneSimulator.Deploy.0 = Release|Any CPU
		{4B829F31-F0CD-4CC2-B250-546FAE1AFCC6}.Debug|Any CPU.ActiveCfg = Debug|Any CPU
		{4B829F31-F0CD-4CC2-B250-546FAE1AFCC6}.Debug|Any CPU.Build.0 = Debug|Any CPU
		{4B829F31-F0CD-4CC2-B250-546FAE1AFCC6}.Debug|Any CPU.Deploy.0 = Debug|Any CPU
		{4B829F31-F0CD-4CC2-B250-546FAE1AFCC6}.Debug|iPhone.ActiveCfg = Debug|Any CPU
		{4B829F31-F0CD-4CC2-B250-546FAE1AFCC6}.Debug|iPhone.Build.0 = Debug|Any CPU
		{4B829F31-F0CD-4CC2-B250-546FAE1AFCC6}.Debug|iPhone.Deploy.0 = Debug|Any CPU
		{4B829F31-F0CD-4CC2-B250-546FAE1AFCC6}.Debug|iPhoneSimulator.ActiveCfg = Debug|Any CPU
		{4B829F31-F0CD-4CC2-B250-546FAE1AFCC6}.Debug|iPhoneSimulator.Build.0 = Debug|Any CPU
		{4B829F31-F0CD-4CC2-B250-546FAE1AFCC6}.Debug|iPhoneSimulator.Deploy.0 = Debug|Any CPU
		{4B829F31-F0CD-4CC2-B250-546FAE1AFCC6}.Release|Any CPU.ActiveCfg = Release|Any CPU
		{4B829F31-F0CD-4CC2-B250-546FAE1AFCC6}.Release|Any CPU.Build.0 = Release|Any CPU
		{4B829F31-F0CD-4CC2-B250-546FAE1AFCC6}.Release|Any CPU.Deploy.0 = Release|Any CPU
		{4B829F31-F0CD-4CC2-B250-546FAE1AFCC6}.Release|iPhone.ActiveCfg = Release|Any CPU
		{4B829F31-F0CD-4CC2-B250-546FAE1AFCC6}.Release|iPhone.Build.0 = Release|Any CPU
		{4B829F31-F0CD-4CC2-B250-546FAE1AFCC6}.Release|iPhone.Deploy.0 = Release|Any CPU
		{4B829F31-F0CD-4CC2-B250-546FAE1AFCC6}.Release|iPhoneSimulator.ActiveCfg = Release|Any CPU
		{4B829F31-F0CD-4CC2-B250-546FAE1AFCC6}.Release|iPhoneSimulator.Build.0 = Release|Any CPU
		{4B829F31-F0CD-4CC2-B250-546FAE1AFCC6}.Release|iPhoneSimulator.Deploy.0 = Release|Any CPU
	EndGlobalSection
	GlobalSection(SolutionProperties) = preSolution
		HideSolutionNode = FALSE
	EndGlobalSection
	GlobalSection(ExtensibilityGlobals) = postSolution
		SolutionGuid = {293042E0-ADD1-4E8D-BC59-264759A170BF}
	EndGlobalSection
EndGlobal
